
Microsoft Visual Studio Solution File, Format Version 12.00
# Visual Studio Version 17
VisualStudioVersion = 17.4.33205.214
MinimumVisualStudioVersion = 10.0.40219.1
Project("{FAE04EC0-301F-11D3-BF4B-00C04F79EFBC}") = "WebServiceCorreios", "WebServiceCorreios.csproj", "{684A1C85-5C78-44B6-997F-D93BA4EF66EA}"
EndProject
Global
	GlobalSection(SolutionConfigurationPlatforms) = preSolution
		Debug|Any CPU = Debug|Any CPU
		Release|Any CPU = Release|Any CPU
	EndGlobalSection
	GlobalSection(ProjectConfigurationPlatforms) = postSolution
		{684A1C85-5C78-44B6-997F-D93BA4EF66EA}.Debug|Any CPU.ActiveCfg = Debug|Any CPU
		{684A1C85-5C78-44B6-997F-D93BA4EF66EA}.Debug|Any CPU.Build.0 = Debug|Any CPU
		{684A1C85-5C78-44B6-997F-D93BA4EF66EA}.Release|Any CPU.ActiveCfg = Release|Any CPU
		{684A1C85-5C78-44B6-997F-D93BA4EF66EA}.Release|Any CPU.Build.0 = Release|Any CPU
	EndGlobalSection
	GlobalSection(SolutionProperties) = preSolution
		HideSolutionNode = FALSE
	EndGlobalSection
	GlobalSection(ExtensibilityGlobals) = postSolution
		SolutionGuid = {2730265E-3EE9-4351-B76B-4454D07E4CE1}
	EndGlobalSection
EndGlobal
